// !$*UTF8*$!
{
	archiveVersion = 1;
	classes = {
	};
	objectVersion = 50;
	objects = {

/* Begin PBXBuildFile section */
		DC55EFFB235E54A50038136A /* AppDelegate.swift in Sources */ = {isa = PBXBuildFile; fileRef = DC55EFFA235E54A50038136A /* AppDelegate.swift */; };
		DC55EFFD235E54A50038136A /* ViewController.swift in Sources */ = {isa = PBXBuildFile; fileRef = DC55EFFC235E54A50038136A /* ViewController.swift */; };
		DC55F000235E54A50038136A /* Main.storyboard in Resources */ = {isa = PBXBuildFile; fileRef = DC55EFFE235E54A50038136A /* Main.storyboard */; };
		DC55F003235E54A50038136A /* Recorder.xcdatamodeld in Sources */ = {isa = PBXBuildFile; fileRef = DC55F001235E54A50038136A /* Recorder.xcdatamodeld */; };
		DC55F005235E54A60038136A /* Assets.xcassets in Resources */ = {isa = PBXBuildFile; fileRef = DC55F004235E54A60038136A /* Assets.xcassets */; };
		DC55F008235E54A60038136A /* LaunchScreen.storyboard in Resources */ = {isa = PBXBuildFile; fileRef = DC55F006235E54A60038136A /* LaunchScreen.storyboard */; };
		DC55F013235E54A60038136A /* RecorderTests.swift in Sources */ = {isa = PBXBuildFile; fileRef = DC55F012235E54A60038136A /* RecorderTests.swift */; };
		DC55F01E235E54A60038136A /* RecorderUITests.swift in Sources */ = {isa = PBXBuildFile; fileRef = DC55F01D235E54A60038136A /* RecorderUITests.swift */; };
/* End PBXBuildFile section */

/* Begin PBXContainerItemProxy section */
		DC55F00F235E54A60038136A /* PBXContainerItemProxy */ = {
			isa = PBXContainerItemProxy;
			containerPortal = DC55EFEF235E54A40038136A /* Project object */;
			proxyType = 1;
			remoteGlobalIDString = DC55EFF6235E54A40038136A;
			remoteInfo = Recorder;
		};
		DC55F01A235E54A60038136A /* PBXContainerItemProxy */ = {
			isa = PBXContainerItemProxy;
			containerPortal = DC55EFEF235E54A40038136A /* Project object */;
			proxyType = 1;
			remoteGlobalIDString = DC55EFF6235E54A40038136A;
			remoteInfo = Recorder;
		};
/* End PBXContainerItemProxy section */

/* Begin PBXFileReference section */
		DC55EFF7235E54A50038136A /* Recorder.app */ = {isa = PBXFileReference; explicitFileType = wrapper.application; includeInIndex = 0; path = Recorder.app; sourceTree = BUILT_PRODUCTS_DIR; };
		DC55EFFA235E54A50038136A /* AppDelegate.swift */ = {isa = PBXFileReference; lastKnownFileType = sourcecode.swift; path = AppDelegate.swift; sourceTree = "<group>"; };
		DC55EFFC235E54A50038136A /* ViewController.swift */ = {isa = PBXFileReference; lastKnownFileType = sourcecode.swift; path = ViewController.swift; sourceTree = "<group>"; };
		DC55EFFF235E54A50038136A /* Base */ = {isa = PBXFileReference; lastKnownFileType = file.storyboard; name = Base; path = Base.lproj/Main.storyboard; sourceTree = "<group>"; };
		DC55F002235E54A50038136A /* Recorder.xcdatamodel */ = {isa = PBXFileReference; lastKnownFileType = wrapper.xcdatamodel; path = Recorder.xcdatamodel; sourceTree = "<group>"; };
		DC55F004235E54A60038136A /* Assets.xcassets */ = {isa = PBXFileReference; lastKnownFileType = folder.assetcatalog; path = Assets.xcassets; sourceTree = "<group>"; };
		DC55F007235E54A60038136A /* Base */ = {isa = PBXFileReference; lastKnownFileType = file.storyboard; name = Base; path = Base.lproj/LaunchScreen.storyboard; sourceTree = "<group>"; };
		DC55F009235E54A60038136A /* Info.plist */ = {isa = PBXFileReference; lastKnownFileType = text.plist.xml; path = Info.plist; sourceTree = "<group>"; };
		DC55F00E235E54A60038136A /* RecorderTests.xctest */ = {isa = PBXFileReference; explicitFileType = wrapper.cfbundle; includeInIndex = 0; path = RecorderTests.xctest; sourceTree = BUILT_PRODUCTS_DIR; };
		DC55F012235E54A60038136A /* RecorderTests.swift */ = {isa = PBXFileReference; lastKnownFileType = sourcecode.swift; path = RecorderTests.swift; sourceTree = "<group>"; };
		DC55F014235E54A60038136A /* Info.plist */ = {isa = PBXFileReference; lastKnownFileType = text.plist.xml; path = Info.plist; sourceTree = "<group>"; };
		DC55F019235E54A60038136A /* RecorderUITests.xctest */ = {isa = PBXFileReference; explicitFileType = wrapper.cfbundle; includeInIndex = 0; path = RecorderUITests.xctest; sourceTree = BUILT_PRODUCTS_DIR; };
		DC55F01D235E54A60038136A /* RecorderUITests.swift */ = {isa = PBXFileReference; lastKnownFileType = sourcecode.swift; path = RecorderUITests.swift; sourceTree = "<group>"; };
		DC55F01F235E54A60038136A /* Info.plist */ = {isa = PBXFileReference; lastKnownFileType = text.plist.xml; path = Info.plist; sourceTree = "<group>"; };
/* End PBXFileReference section */

/* Begin PBXFrameworksBuildPhase section */
		DC55EFF4235E54A40038136A /* Frameworks */ = {
			isa = PBXFrameworksBuildPhase;
			buildActionMask = 2147483647;
			files = (
			);
			runOnlyForDeploymentPostprocessing = 0;
		};
		DC55F00B235E54A60038136A /* Frameworks */ = {
			isa = PBXFrameworksBuildPhase;
			buildActionMask = 2147483647;
			files = (
			);
			runOnlyForDeploymentPostprocessing = 0;
		};
		DC55F016235E54A60038136A /* Frameworks */ = {
			isa = PBXFrameworksBuildPhase;
			buildActionMask = 2147483647;
			files = (
			);
			runOnlyForDeploymentPostprocessing = 0;
		};
/* End PBXFrameworksBuildPhase section */

/* Begin PBXGroup section */
		DC55EFEE235E54A40038136A = {
			isa = PBXGroup;
			children = (
				DC55EFF9235E54A50038136A /* Recorder */,
				DC55F011235E54A60038136A /* RecorderTests */,
				DC55F01C235E54A60038136A /* RecorderUITests */,
				DC55EFF8235E54A50038136A /* Products */,
			);
			sourceTree = "<group>";
		};
		DC55EFF8235E54A50038136A /* Products */ = {
			isa = PBXGroup;
			children = (
				DC55EFF7235E54A50038136A /* Recorder.app */,
				DC55F00E235E54A60038136A /* RecorderTests.xctest */,
				DC55F019235E54A60038136A /* RecorderUITests.xctest */,
			);
			name = Products;
			sourceTree = "<group>";
		};
		DC55EFF9235E54A50038136A /* Recorder */ = {
			isa = PBXGroup;
			children = (
				DC55EFFA235E54A50038136A /* AppDelegate.swift */,
				DC55EFFC235E54A50038136A /* ViewController.swift */,
				DC55EFFE235E54A50038136A /* Main.storyboard */,
				DC55F004235E54A60038136A /* Assets.xcassets */,
				DC55F006235E54A60038136A /* LaunchScreen.storyboard */,
				DC55F009235E54A60038136A /* Info.plist */,
				DC55F001235E54A50038136A /* Recorder.xcdatamodeld */,
			);
			path = Recorder;
			sourceTree = "<group>";
		};
		DC55F011235E54A60038136A /* RecorderTests */ = {
			isa = PBXGroup;
			children = (
				DC55F012235E54A60038136A /* RecorderTests.swift */,
				DC55F014235E54A60038136A /* Info.plist */,
			);
			path = RecorderTests;
			sourceTree = "<group>";
		};
		DC55F01C235E54A60038136A /* RecorderUITests */ = {
			isa = PBXGroup;
			children = (
				DC55F01D235E54A60038136A /* RecorderUITests.swift */,
				DC55F01F235E54A60038136A /* Info.plist */,
			);
			path = RecorderUITests;
			sourceTree = "<group>";
		};
/* End PBXGroup section */

/* Begin PBXNativeTarget section */
		DC55EFF6235E54A40038136A /* Recorder */ = {
			isa = PBXNativeTarget;
			buildConfigurationList = DC55F022235E54A60038136A /* Build configuration list for PBXNativeTarget "Recorder" */;
			buildPhases = (
				DC55EFF3235E54A40038136A /* Sources */,
				DC55EFF4235E54A40038136A /* Frameworks */,
				DC55EFF5235E54A40038136A /* Resources */,
			);
			buildRules = (
			);
			dependencies = (
			);
			name = Recorder;
			productName = Recorder;
			productReference = DC55EFF7235E54A50038136A /* Recorder.app */;
			productType = "com.apple.product-type.application";
		};
		DC55F00D235E54A60038136A /* RecorderTests */ = {
			isa = PBXNativeTarget;
			buildConfigurationList = DC55F025235E54A60038136A /* Build configuration list for PBXNativeTarget "RecorderTests" */;
			buildPhases = (
				DC55F00A235E54A60038136A /* Sources */,
				DC55F00B235E54A60038136A /* Frameworks */,
				DC55F00C235E54A60038136A /* Resources */,
			);
			buildRules = (
			);
			dependencies = (
				DC55F010235E54A60038136A /* PBXTargetDependency */,
			);
			name = RecorderTests;
			productName = RecorderTests;
			productReference = DC55F00E235E54A60038136A /* RecorderTests.xctest */;
			productType = "com.apple.product-type.bundle.unit-test";
		};
		DC55F018235E54A60038136A /* RecorderUITests */ = {
			isa = PBXNativeTarget;
			buildConfigurationList = DC55F028235E54A60038136A /* Build configuration list for PBXNativeTarget "RecorderUITests" */;
			buildPhases = (
				DC55F015235E54A60038136A /* Sources */,
				DC55F016235E54A60038136A /* Frameworks */,
				DC55F017235E54A60038136A /* Resources */,
			);
			buildRules = (
			);
			dependencies = (
				DC55F01B235E54A60038136A /* PBXTargetDependency */,
			);
			name = RecorderUITests;
			productName = RecorderUITests;
			productReference = DC55F019235E54A60038136A /* RecorderUITests.xctest */;
			productType = "com.apple.product-type.bundle.ui-testing";
		};
/* End PBXNativeTarget section */

/* Begin PBXProject section */
		DC55EFEF235E54A40038136A /* Project object */ = {
			isa = PBXProject;
			attributes = {
				LastSwiftUpdateCheck = 1030;
				LastUpgradeCheck = 1030;
				ORGANIZATIONNAME = "Siddhi Panchal";
				TargetAttributes = {
					DC55EFF6235E54A40038136A = {
						CreatedOnToolsVersion = 10.3;
					};
					DC55F00D235E54A60038136A = {
						CreatedOnToolsVersion = 10.3;
						TestTargetID = DC55EFF6235E54A40038136A;
					};
					DC55F018235E54A60038136A = {
						CreatedOnToolsVersion = 10.3;
						TestTargetID = DC55EFF6235E54A40038136A;
					};
				};
			};
			buildConfigurationList = DC55EFF2235E54A40038136A /* Build configuration list for PBXProject "Recorder" */;
			compatibilityVersion = "Xcode 9.3";
			developmentRegion = en;
			hasScannedForEncodings = 0;
			knownRegions = (
				en,
				Base,
			);
			mainGroup = DC55EFEE235E54A40038136A;
			productRefGroup = DC55EFF8235E54A50038136A /* Products */;
			projectDirPath = "";
			projectRoot = "";
			targets = (
				DC55EFF6235E54A40038136A /* Recorder */,
				DC55F00D235E54A60038136A /* RecorderTests */,
				DC55F018235E54A60038136A /* RecorderUITests */,
			);
		};
/* End PBXProject section */

/* Begin PBXResourcesBuildPhase section */
		DC55EFF5235E54A40038136A /* Resources */ = {
			isa = PBXResourcesBuildPhase;
			buildActionMask = 2147483647;
			files = (
				DC55F008235E54A60038136A /* LaunchScreen.storyboard in Resources */,
				DC55F005235E54A60038136A /* Assets.xcassets in Resources */,
				DC55F000235E54A50038136A /* Main.storyboard in Resources */,
			);
			runOnlyForDeploymentPostprocessing = 0;
		};
		DC55F00C235E54A60038136A /* Resources */ = {
			isa = PBXResourcesBuildPhase;
			buildActionMask = 2147483647;
			files = (
			);
			runOnlyForDeploymentPostprocessing = 0;
		};
		DC55F017235E54A60038136A /* Resources */ = {
			isa = PBXResourcesBuildPhase;
			buildActionMask = 2147483647;
			files = (
			);
			runOnlyForDeploymentPostprocessing = 0;
		};
/* End PBXResourcesBuildPhase section */

/* Begin PBXSourcesBuildPhase section */
		DC55EFF3235E54A40038136A /* Sources */ = {
			isa = PBXSourcesBuildPhase;
			buildActionMask = 2147483647;
			files = (
				DC55EFFD235E54A50038136A /* ViewController.swift in Sources */,
				DC55EFFB235E54A50038136A /* AppDelegate.swift in Sources */,
				DC55F003235E54A50038136A /* Recorder.xcdatamodeld in Sources */,
			);
			runOnlyForDeploymentPostprocessing = 0;
		};
		DC55F00A235E54A60038136A /* Sources */ = {
			isa = PBXSourcesBuildPhase;
			buildActionMask = 2147483647;
			files = (
				DC55F013235E54A60038136A /* RecorderTests.swift in Sources */,
			);
			runOnlyForDeploymentPostprocessing = 0;
		};
		DC55F015235E54A60038136A /* Sources */ = {
			isa = PBXSourcesBuildPhase;
			buildActionMask = 2147483647;
			files = (
				DC55F01E235E54A60038136A /* RecorderUITests.swift in Sources */,
			);
			runOnlyForDeploymentPostprocessing = 0;
		};
/* End PBXSourcesBuildPhase section */

/* Begin PBXTargetDependency section */
		DC55F010235E54A60038136A /* PBXTargetDependency */ = {
			isa = PBXTargetDependency;
			target = DC55EFF6235E54A40038136A /* Recorder */;
			targetProxy = DC55F00F235E54A60038136A /* PBXContainerItemProxy */;
		};
		DC55F01B235E54A60038136A /* PBXTargetDependency */ = {
			isa = PBXTargetDependency;
			target = DC55EFF6235E54A40038136A /* Recorder */;
			targetProxy = DC55F01A235E54A60038136A /* PBXContainerItemProxy */;
		};
/* End PBXTargetDependency section */

/* Begin PBXVariantGroup section */
		DC55EFFE235E54A50038136A /* Main.storyboard */ = {
			isa = PBXVariantGroup;
			children = (
				DC55EFFF235E54A50038136A /* Base */,
			);
			name = Main.storyboard;
			sourceTree = "<group>";
		};
		DC55F006235E54A60038136A /* LaunchScreen.storyboard */ = {
			isa = PBXVariantGroup;
			children = (
				DC55F007235E54A60038136A /* Base */,
			);
			name = LaunchScreen.storyboard;
			sourceTree = "<group>";
		};
/* End PBXVariantGroup section */

/* Begin XCBuildConfiguration section */
		DC55F020235E54A60038136A /* Debug */ = {
			isa = XCBuildConfiguration;
			buildSettings = {
				ALWAYS_SEARCH_USER_PATHS = NO;
				CLANG_ANALYZER_NONNULL = YES;
				CLANG_ANALYZER_NUMBER_OBJECT_CONVERSION = YES_AGGRESSIVE;
				CLANG_CXX_LANGUAGE_STANDARD = "gnu++14";
				CLANG_CXX_LIBRARY = "libc++";
				CLANG_ENABLE_MODULES = YES;
				CLANG_ENABLE_OBJC_ARC = YES;
				CLANG_ENABLE_OBJC_WEAK = YES;
				CLANG_WARN_BLOCK_CAPTURE_AUTORELEASING = YES;
				CLANG_WARN_BOOL_CONVERSION = YES;
				CLANG_WARN_COMMA = YES;
				CLANG_WARN_CONSTANT_CONVERSION = YES;
				CLANG_WARN_DEPRECATED_OBJC_IMPLEMENTATIONS = YES;
				CLANG_WARN_DIRECT_OBJC_ISA_USAGE = YES_ERROR;
				CLANG_WARN_DOCUMENTATION_COMMENTS = YES;
				CLANG_WARN_EMPTY_BODY = YES;
				CLANG_WARN_ENUM_CONVERSION = YES;
				CLANG_WARN_INFINITE_RECURSION = YES;
				CLANG_WARN_INT_CONVERSION = YES;
				CLANG_WARN_NON_LITERAL_NULL_CONVERSION = YES;
				CLANG_WARN_OBJC_IMPLICIT_RETAIN_SELF = YES;
				CLANG_WARN_OBJC_LITERAL_CONVERSION = YES;
				CLANG_WARN_OBJC_ROOT_CLASS = YES_ERROR;
				CLANG_WARN_RANGE_LOOP_ANALYSIS = YES;
				CLANG_WARN_STRICT_PROTOTYPES = YES;
				CLANG_WARN_SUSPICIOUS_MOVE = YES;
				CLANG_WARN_UNGUARDED_AVAILABILITY = YES_AGGRESSIVE;
				CLANG_WARN_UNREACHABLE_CODE = YES;
				CLANG_WARN__DUPLICATE_METHOD_MATCH = YES;
				CODE_SIGN_IDENTITY = "iPhone Developer";
				COPY_PHASE_STRIP = NO;
				DEBUG_INFORMATION_FORMAT = dwarf;
				ENABLE_STRICT_OBJC_MSGSEND = YES;
				ENABLE_TESTABILITY = YES;
				GCC_C_LANGUAGE_STANDARD = gnu11;
				GCC_DYNAMIC_NO_PIC = NO;
				GCC_NO_COMMON_BLOCKS = YES;
				GCC_OPTIMIZATION_LEVEL = 0;
				GCC_PREPROCESSOR_DEFINITIONS = (
					"DEBUG=1",
					"$(inherited)",
				);
				GCC_WARN_64_TO_32_BIT_CONVERSION = YES;
				GCC_WARN_ABOUT_RETURN_TYPE = YES_ERROR;
				GCC_WARN_UNDECLARED_SELECTOR = YES;
				GCC_WARN_UNINITIALIZED_AUTOS = YES_AGGRESSIVE;
				GCC_WARN_UNUSED_FUNCTION = YES;
				GCC_WARN_UNUSED_VARIABLE = YES;
				IPHONEOS_DEPLOYMENT_TARGET = 12.4;
				MTL_ENABLE_DEBUG_INFO = INCLUDE_SOURCE;
				MTL_FAST_MATH = YES;
				ONLY_ACTIVE_ARCH = YES;
				SDKROOT = iphoneos;
				SWIFT_ACTIVE_COMPILATION_CONDITIONS = DEBUG;
				SWIFT_OPTIMIZATION_LEVEL = "-Onone";
			};
			name = Debug;
		};
		DC55F021235E54A60038136A /* Release */ = {
			isa = XCBuildConfiguration;
			buildSettings = {
				ALWAYS_SEARCH_USER_PATHS = NO;
				CLANG_ANALYZER_NONNULL = YES;
				CLANG_ANALYZER_NUMBER_OBJECT_CONVERSION = YES_AGGRESSIVE;
				CLANG_CXX_LANGUAGE_STANDARD = "gnu++14";
				CLANG_CXX_LIBRARY = "libc++";
				CLANG_ENABLE_MODULES = YES;
				CLANG_ENABLE_OBJC_ARC = YES;
				CLANG_ENABLE_OBJC_WEAK = YES;
				CLANG_WARN_BLOCK_CAPTURE_AUTORELEASING = YES;
				CLANG_WARN_BOOL_CONVERSION = YES;
				CLANG_WARN_COMMA = YES;
				CLANG_WARN_CONSTANT_CONVERSION = YES;
				CLANG_WARN_DEPRECATED_OBJC_IMPLEMENTATIONS = YES;
				CLANG_WARN_DIRECT_OBJC_ISA_USAGE = YES_ERROR;
				CLANG_WARN_DOCUMENTATION_COMMENTS = YES;
				CLANG_WARN_EMPTY_BODY = YES;
				CLANG_WARN_ENUM_CONVERSION = YES;
				CLANG_WARN_INFINITE_RECURSION = YES;
				CLANG_WARN_INT_CONVERSION = YES;
				CLANG_WARN_NON_LITERAL_NULL_CONVERSION = YES;
				CLANG_WARN_OBJC_IMPLICIT_RETAIN_SELF = YES;
				CLANG_WARN_OBJC_LITERAL_CONVERSION = YES;
				CLANG_WARN_OBJC_ROOT_CLASS = YES_ERROR;
				CLANG_WARN_RANGE_LOOP_ANALYSIS = YES;
				CLANG_WARN_STRICT_PROTOTYPES = YES;
				CLANG_WARN_SUSPICIOUS_MOVE = YES;
				CLANG_WARN_UNGUARDED_AVAILABILITY = YES_AGGRESSIVE;
				CLANG_WARN_UNREACHABLE_CODE = YES;
				CLANG_WARN__DUPLICATE_METHOD_MATCH = YES;
				CODE_SIGN_IDENTITY = "iPhone Developer";
				COPY_PHASE_STRIP = NO;
				DEBUG_INFORMATION_FORMAT = "dwarf-with-dsym";
				ENABLE_NS_ASSERTIONS = NO;
				ENABLE_STRICT_OBJC_MSGSEND = YES;
				GCC_C_LANGUAGE_STANDARD = gnu11;
				GCC_NO_COMMON_BLOCKS = YES;
				GCC_WARN_64_TO_32_BIT_CONVERSION = YES;
				GCC_WARN_ABOUT_RETURN_TYPE = YES_ERROR;
				GCC_WARN_UNDECLARED_SELECTOR = YES;
				GCC_WARN_UNINITIALIZED_AUTOS = YES_AGGRESSIVE;
				GCC_WARN_UNUSED_FUNCTION = YES;
				GCC_WARN_UNUSED_VARIABLE = YES;
				IPHONEOS_DEPLOYMENT_TARGET = 12.4;
				MTL_ENABLE_DEBUG_INFO = NO;
				MTL_FAST_MATH = YES;
				SDKROOT = iphoneos;
				SWIFT_COMPILATION_MODE = wholemodule;
				SWIFT_OPTIMIZATION_LEVEL = "-O";
				VALIDATE_PRODUCT = YES;
			};
			name = Release;
		};
		DC55F023235E54A60038136A /* Debug */ = {
			isa = XCBuildConfiguration;
			buildSettings = {
				ASSETCATALOG_COMPILER_APPICON_NAME = AppIcon;
				CODE_SIGN_STYLE = Automatic;
				DEVELOPMENT_TEAM = F999H7NPQG;
				INFOPLIST_FILE = Recorder/Info.plist;
				LD_RUNPATH_SEARCH_PATHS = (
					"$(inherited)",
					"@executable_path/Frameworks",
				);
				PRODUCT_BUNDLE_IDENTIFIER = spanchal.Recorder;
				PRODUCT_NAME = "$(TARGET_NAME)";
				SWIFT_VERSION = 5.0;
				TARGETED_DEVICE_FAMILY = "1,2";
			};
			name = Debug;
		};
		DC55F024235E54A60038136A /* Release */ = {
			isa = XCBuildConfiguration;
			buildSettings = {
				ASSETCATALOG_COMPILER_APPICON_NAME = AppIcon;
				CODE_SIGN_STYLE = Automatic;
				DEVELOPMENT_TEAM = F999H7NPQG;
				INFOPLIST_FILE = Recorder/Info.plist;
				LD_RUNPATH_SEARCH_PATHS = (
					"$(inherited)",
					"@executable_path/Frameworks",
				);
				PRODUCT_BUNDLE_IDENTIFIER = spanchal.Recorder;
				PRODUCT_NAME = "$(TARGET_NAME)";
				SWIFT_VERSION = 5.0;
				TARGETED_DEVICE_FAMILY = "1,2";
			};
			name = Release;
		};
		DC55F026235E54A60038136A /* Debug */ = {
			isa = XCBuildConfiguration;
			buildSettings = {
				ALWAYS_EMBED_SWIFT_STANDARD_LIBRARIES = YES;
				BUNDLE_LOADER = "$(TEST_HOST)";
				CODE_SIGN_STYLE = Automatic;
				DEVELOPMENT_TEAM = F999H7NPQG;
				INFOPLIST_FILE = RecorderTests/Info.plist;
				LD_RUNPATH_SEARCH_PATHS = (
					"$(inherited)",
					"@executable_path/Frameworks",
					"@loader_path/Frameworks",
				);
				PRODUCT_BUNDLE_IDENTIFIER = spanchal.RecorderTests;
				PRODUCT_NAME = "$(TARGET_NAME)";
				SWIFT_VERSION = 5.0;
				TARGETED_DEVICE_FAMILY = "1,2";
				TEST_HOST = "$(BUILT_PRODUCTS_DIR)/Recorder.app/Recorder";
			};
			name = Debug;
		};
		DC55F027235E54A60038136A /* Release */ = {
			isa = XCBuildConfiguration;
			buildSettings = {
				ALWAYS_EMBED_SWIFT_STANDARD_LIBRARIES = YES;
				BUNDLE_LOADER = "$(TEST_HOST)";
				CODE_SIGN_STYLE = Automatic;
				DEVELOPMENT_TEAM = F999H7NPQG;
				INFOPLIST_FILE = RecorderTests/Info.plist;
				LD_RUNPATH_SEARCH_PATHS = (
					"$(inherited)",
					"@executable_path/Frameworks",
					"@loader_path/Frameworks",
				);
				PRODUCT_BUNDLE_IDENTIFIER = spanchal.RecorderTests;
				PRODUCT_NAME = "$(TARGET_NAME)";
				SWIFT_VERSION = 5.0;
				TARGETED_DEVICE_FAMILY = "1,2";
				TEST_HOST = "$(BUILT_PRODUCTS_DIR)/Recorder.app/Recorder";
			};
			name = Release;
		};
		DC55F029235E54A60038136A /* Debug */ = {
			isa = XCBuildConfiguration;
			buildSettings = {
				ALWAYS_EMBED_SWIFT_STANDARD_LIBRARIES = YES;
				CODE_SIGN_STYLE = Automatic;
				DEVELOPMENT_TEAM = F999H7NPQG;
				INFOPLIST_FILE = RecorderUITests/Info.plist;
				LD_RUNPATH_SEARCH_PATHS = (
					"$(inherited)",
					"@executable_path/Frameworks",
					"@loader_path/Frameworks",
				);
				PRODUCT_BUNDLE_IDENTIFIER = spanchal.RecorderUITests;
				PRODUCT_NAME = "$(TARGET_NAME)";
				SWIFT_VERSION = 5.0;
				TARGETED_DEVICE_FAMILY = "1,2";
				TEST_TARGET_NAME = Recorder;
			};
			name = Debug;
		};
		DC55F02A235E54A60038136A /* Release */ = {
			isa = XCBuildConfiguration;
			buildSettings = {
				ALWAYS_EMBED_SWIFT_STANDARD_LIBRARIES = YES;
				CODE_SIGN_STYLE = Automatic;
				DEVELOPMENT_TEAM = F999H7NPQG;
				INFOPLIST_FILE = RecorderUITests/Info.plist;
				LD_RUNPATH_SEARCH_PATHS = (
					"$(inherited)",
					"@executable_path/Frameworks",
					"@loader_path/Frameworks",
				);
				PRODUCT_BUNDLE_IDENTIFIER = spanchal.RecorderUITests;
				PRODUCT_NAME = "$(TARGET_NAME)";
				SWIFT_VERSION = 5.0;
				TARGETED_DEVICE_FAMILY = "1,2";
				TEST_TARGET_NAME = Recorder;
			};
			name = Release;
		};
/* End XCBuildConfiguration section */

/* Begin XCConfigurationList section */
		DC55EFF2235E54A40038136A /* Build configuration list for PBXProject "Recorder" */ = {
			isa = XCConfigurationList;
			buildConfigurations = (
				DC55F020235E54A60038136A /* Debug */,
				DC55F021235E54A60038136A /* Release */,
			);
			defaultConfigurationIsVisible = 0;
			defaultConfigurationName = Release;
		};
		DC55F022235E54A60038136A /* Build configuration list for PBXNativeTarget "Recorder" */ = {
			isa = XCConfigurationList;
			buildConfigurations = (
				DC55F023235E54A60038136A /* Debug */,
				DC55F024235E54A60038136A /* Release */,
			);
			defaultConfigurationIsVisible = 0;
			defaultConfigurationName = Release;
		};
		DC55F025235E54A60038136A /* Build configuration list for PBXNativeTarget "RecorderTests" */ = {
			isa = XCConfigurationList;
			buildConfigurations = (
				DC55F026235E54A60038136A /* Debug */,
				DC55F027235E54A60038136A /* Release */,
			);
			defaultConfigurationIsVisible = 0;
			defaultConfigurationName = Release;
		};
		DC55F028235E54A60038136A /* Build configuration list for PBXNativeTarget "RecorderUITests" */ = {
			isa = XCConfigurationList;
			buildConfigurations = (
				DC55F029235E54A60038136A /* Debug */,
				DC55F02A235E54A60038136A /* Release */,
			);
			defaultConfigurationIsVisible = 0;
			defaultConfigurationName = Release;
		};
/* End XCConfigurationList section */

/* Begin XCVersionGroup section */
		DC55F001235E54A50038136A /* Recorder.xcdatamodeld */ = {
			isa = XCVersionGroup;
			children = (
				DC55F002235E54A50038136A /* Recorder.xcdatamodel */,
			);
			currentVersion = DC55F002235E54A50038136A /* Recorder.xcdatamodel */;
			path = Recorder.xcdatamodeld;
			sourceTree = "<group>";
			versionGroupType = wrapper.xcdatamodel;
		};
/* End XCVersionGroup section */
	};
	rootObject = DC55EFEF235E54A40038136A /* Project object */;
}
